// !$*UTF8*$!
{
	archiveVersion = 1;
	classes = {
	};
	objectVersion = 77;
	objects = {

/* Begin PBXBuildFile section */
		012CC5E161A08809FF4437FF /* RunAudio.swift in Sources */ = {isa = PBXBuildFile; fileRef = AB92B401D832BB364EDD2858 /* RunAudio.swift */; };
		10F94D349285BC70691F27B3 /* Localizable.xcstrings in Resources */ = {isa = PBXBuildFile; fileRef = F2AF968099F1CC1C2518E6DA /* Localizable.xcstrings */; };
		19A7AB3A6A9B33437E1CA0F7 /* ScoreView.swift in Sources */ = {isa = PBXBuildFile; fileRef = E825365B13D701E585670E85 /* ScoreView.swift */; };
		1C82DAB466F726D3BC86ACBC /* PieceListView.swift in Sources */ = {isa = PBXBuildFile; fileRef = A5D9FBF8D0C34328E8A93612 /* PieceListView.swift */; };
		28DC3C1319B643481CE61A0B /* Player.swift in Sources */ = {isa = PBXBuildFile; fileRef = 2C2F03512C3298090F9FCB53 /* Player.swift */; };
		3E699F796C095BA3FD05AF50 /* Voices.swift in Sources */ = {isa = PBXBuildFile; fileRef = 0DDF2829D5D3185F122237C4 /* Voices.swift */; };
		432E2FAF7F8AC03D762AFCA7 /* TransportBar.swift in Sources */ = {isa = PBXBuildFile; fileRef = 1B5E6A6BA6182B6E96596C68 /* TransportBar.swift */; };
		694112722BD35E92BB8CC65E /* DiziApp.swift in Sources */ = {isa = PBXBuildFile; fileRef = F7DDEBD62C1197359510C59D /* DiziApp.swift */; };
		C50C666DD7C22E635F515C10 /* Assets.xcassets in Resources */ = {isa = PBXBuildFile; fileRef = 940FD75DFA2AF4C90BB71B79 /* Assets.xcassets */; };
		D891F5DB445004C54E9B4F75 /* ScoreKit in Frameworks */ = {isa = PBXBuildFile; productRef = 45709811699F8732788DB871 /* ScoreKit */; };
		E188A2E7A8091A2A88D0CAE9 /* Samples in Resources */ = {isa = PBXBuildFile; fileRef = 33A4F41FB44B5B2F0B205D89 /* Samples */; };
		E20B1CD218B639B1DF9676F8 /* molihua.ir.json in Resources */ = {isa = PBXBuildFile; fileRef = 60C030429385FF1F64E8EE08 /* molihua.ir.json */; };
		E2AD70163AE8542ADACCE077 /* NavigationTests.swift in Sources */ = {isa = PBXBuildFile; fileRef = 216C0414C7628D24C53FCDA3 /* NavigationTests.swift */; };
		E4E731720DFB69589538B60F /* PieceDetailView.swift in Sources */ = {isa = PBXBuildFile; fileRef = 1657F2512FB10BB5DB9A727B /* PieceDetailView.swift */; };
/* End PBXBuildFile section */

/* Begin PBXContainerItemProxy section */
		983350C54CBBB25EF70D89D6 /* PBXContainerItemProxy */ = {
			isa = PBXContainerItemProxy;
			containerPortal = 63E0437AA3A39897355DDF4A /* Project object */;
			proxyType = 1;
			remoteGlobalIDString = 3DD3E2455B24139F1493FDC3;
			remoteInfo = Dizi;
		};
/* End PBXContainerItemProxy section */

/* Begin PBXFileReference section */
		0DDF2829D5D3185F122237C4 /* Voices.swift */ = {isa = PBXFileReference; lastKnownFileType = sourcecode.swift; path = Voices.swift; sourceTree = "<group>"; };
		1657F2512FB10BB5DB9A727B /* PieceDetailView.swift */ = {isa = PBXFileReference; lastKnownFileType = sourcecode.swift; path = PieceDetailView.swift; sourceTree = "<group>"; };
		1B5E6A6BA6182B6E96596C68 /* TransportBar.swift */ = {isa = PBXFileReference; lastKnownFileType = sourcecode.swift; path = TransportBar.swift; sourceTree = "<group>"; };
		216C0414C7628D24C53FCDA3 /* NavigationTests.swift */ = {isa = PBXFileReference; lastKnownFileType = sourcecode.swift; path = NavigationTests.swift; sourceTree = "<group>"; };
		2C2F03512C3298090F9FCB53 /* Player.swift */ = {isa = PBXFileReference; lastKnownFileType = sourcecode.swift; path = Player.swift; sourceTree = "<group>"; };
		33A4F41FB44B5B2F0B205D89 /* Samples */ = {isa = PBXFileReference; lastKnownFileType = folder; name = Samples; path = Dizi/Samples; sourceTree = SOURCE_ROOT; };
		60C030429385FF1F64E8EE08 /* molihua.ir.json */ = {isa = PBXFileReference; lastKnownFileType = text.json; path = molihua.ir.json; sourceTree = "<group>"; };
		86587596978C7D7A172CA03E /* DiziUITests.xctest */ = {isa = PBXFileReference; includeInIndex = 0; lastKnownFileType = wrapper.cfbundle; path = DiziUITests.xctest; sourceTree = BUILT_PRODUCTS_DIR; };
		89D7C1647EEC53579F92423C /* Dizi.app */ = {isa = PBXFileReference; includeInIndex = 0; lastKnownFileType = wrapper.application; path = Dizi.app; sourceTree = BUILT_PRODUCTS_DIR; };
		940FD75DFA2AF4C90BB71B79 /* Assets.xcassets */ = {isa = PBXFileReference; lastKnownFileType = folder.assetcatalog; path = Assets.xcassets; sourceTree = "<group>"; };
		A5D9FBF8D0C34328E8A93612 /* PieceListView.swift */ = {isa = PBXFileReference; lastKnownFileType = sourcecode.swift; path = PieceListView.swift; sourceTree = "<group>"; };
		AB92B401D832BB364EDD2858 /* RunAudio.swift */ = {isa = PBXFileReference; lastKnownFileType = sourcecode.swift; path = RunAudio.swift; sourceTree = "<group>"; };
		B4E1E564EDDFF024A6BE2EA9 /* ScoreKit */ = {isa = PBXFileReference; lastKnownFileType = folder; name = ScoreKit; path = ../Packages/ScoreKit; sourceTree = SOURCE_ROOT; };
		E825365B13D701E585670E85 /* ScoreView.swift */ = {isa = PBXFileReference; lastKnownFileType = sourcecode.swift; path = ScoreView.swift; sourceTree = "<group>"; };
		F2AF968099F1CC1C2518E6DA /* Localizable.xcstrings */ = {isa = PBXFileReference; lastKnownFileType = text.json.xcstrings; path = Localizable.xcstrings; sourceTree = "<group>"; };
		F7DDEBD62C1197359510C59D /* DiziApp.swift */ = {isa = PBXFileReference; lastKnownFileType = sourcecode.swift; path = DiziApp.swift; sourceTree = "<group>"; };
/* End PBXFileReference section */

/* Begin PBXFrameworksBuildPhase section */
		161B88ABCB883483BFE8924F /* Frameworks */ = {
			isa = PBXFrameworksBuildPhase;
			buildActionMask = 2147483647;
			files = (
				D891F5DB445004C54E9B4F75 /* ScoreKit in Frameworks */,
			);
			runOnlyForDeploymentPostprocessing = 0;
		};
/* End PBXFrameworksBuildPhase section */

/* Begin PBXGroup section */
		1A83B36BBECD2864FF2A8DC1 /* Products */ = {
			isa = PBXGroup;
			children = (
				89D7C1647EEC53579F92423C /* Dizi.app */,
				86587596978C7D7A172CA03E /* DiziUITests.xctest */,
			);
			name = Products;
			sourceTree = "<group>";
		};
		46AC104C3F260A254876FAB9 /* examples */ = {
			isa = PBXGroup;
			children = (
				60C030429385FF1F64E8EE08 /* molihua.ir.json */,
			);
			name = examples;
			path = ../docs/examples;
			sourceTree = "<group>";
		};
		608B1C271A6B86974C7E03B0 = {
			isa = PBXGroup;
			children = (
				33A4F41FB44B5B2F0B205D89 /* Samples */,
				91B23B00863E128D038FF620 /* Dizi */,
				9A08F97B0119846354B5A61D /* DiziUITests */,
				46AC104C3F260A254876FAB9 /* examples */,
				C6CF4657377A14ED458DAD94 /* Packages */,
				1A83B36BBECD2864FF2A8DC1 /* Products */,
			);
			sourceTree = "<group>";
		};
		91B23B00863E128D038FF620 /* Dizi */ = {
			isa = PBXGroup;
			children = (
				940FD75DFA2AF4C90BB71B79 /* Assets.xcassets */,
				F7DDEBD62C1197359510C59D /* DiziApp.swift */,
				F2AF968099F1CC1C2518E6DA /* Localizable.xcstrings */,
				1657F2512FB10BB5DB9A727B /* PieceDetailView.swift */,
				A5D9FBF8D0C34328E8A93612 /* PieceListView.swift */,
				2C2F03512C3298090F9FCB53 /* Player.swift */,
				AB92B401D832BB364EDD2858 /* RunAudio.swift */,
				E825365B13D701E585670E85 /* ScoreView.swift */,
				1B5E6A6BA6182B6E96596C68 /* TransportBar.swift */,
				0DDF2829D5D3185F122237C4 /* Voices.swift */,
			);
			path = Dizi;
			sourceTree = "<group>";
		};
		9A08F97B0119846354B5A61D /* DiziUITests */ = {
			isa = PBXGroup;
			children = (
				216C0414C7628D24C53FCDA3 /* NavigationTests.swift */,
			);
			path = DiziUITests;
			sourceTree = "<group>";
		};
		C6CF4657377A14ED458DAD94 /* Packages */ = {
			isa = PBXGroup;
			children = (
				B4E1E564EDDFF024A6BE2EA9 /* ScoreKit */,
			);
			name = Packages;
			sourceTree = "<group>";
		};
/* End PBXGroup section */

/* Begin PBXNativeTarget section */
		3DD3E2455B24139F1493FDC3 /* Dizi */ = {
			isa = PBXNativeTarget;
			buildConfigurationList = 2D77D02D8F469525B71E5178 /* Build configuration list for PBXNativeTarget "Dizi" */;
			buildPhases = (
				4C6BB102E325BDDDB1447AE7 /* Sources */,
				8492D7E3142A1D5F26E6393B /* Resources */,
				161B88ABCB883483BFE8924F /* Frameworks */,
			);
			buildRules = (
			);
			dependencies = (
			);
			name = Dizi;
			packageProductDependencies = (
				45709811699F8732788DB871 /* ScoreKit */,
			);
			productName = Dizi;
			productReference = 89D7C1647EEC53579F92423C /* Dizi.app */;
			productType = "com.apple.product-type.application";
		};
		DD8A6C6A520470990E557B91 /* DiziUITests */ = {
			isa = PBXNativeTarget;
			buildConfigurationList = C42842063BB26902E408A692 /* Build configuration list for PBXNativeTarget "DiziUITests" */;
			buildPhases = (
				9AD47E2346F2DF1F1C69DA12 /* Sources */,
			);
			buildRules = (
			);
			dependencies = (
				5A8459015E120438FC444E26 /* PBXTargetDependency */,
			);
			name = DiziUITests;
			packageProductDependencies = (
			);
			productName = DiziUITests;
			productReference = 86587596978C7D7A172CA03E /* DiziUITests.xctest */;
			productType = "com.apple.product-type.bundle.ui-testing";
		};
/* End PBXNativeTarget section */

/* Begin PBXProject section */
		63E0437AA3A39897355DDF4A /* Project object */ = {
			isa = PBXProject;
			attributes = {
				BuildIndependentTargetsInParallel = YES;
				LastUpgradeCheck = 1430;
				TargetAttributes = {
					3DD3E2455B24139F1493FDC3 = {
						ProvisioningStyle = Automatic;
					};
					DD8A6C6A520470990E557B91 = {
						TestTargetID = 3DD3E2455B24139F1493FDC3;
					};
				};
			};
			buildConfigurationList = A815F78972A250A05E5A0916 /* Build configuration list for PBXProject "Dizi" */;
			developmentRegion = "zh-Hans";
			hasScannedForEncodings = 0;
			knownRegions = (
				Base,
				"zh-Hans",
			);
			mainGroup = 608B1C271A6B86974C7E03B0;
			minimizedProjectReferenceProxies = 1;
			packageReferences = (
				AF19EB67D6206A6EA3E29960 /* XCLocalSwiftPackageReference "../Packages/ScoreKit" */,
			);
			preferredProjectObjectVersion = 77;
			productRefGroup = 1A83B36BBECD2864FF2A8DC1 /* Products */;
			projectDirPath = "";
			projectRoot = "";
			targets = (
				3DD3E2455B24139F1493FDC3 /* Dizi */,
				DD8A6C6A520470990E557B91 /* DiziUITests */,
			);
		};
/* End PBXProject section */

/* Begin PBXResourcesBuildPhase section */
		8492D7E3142A1D5F26E6393B /* Resources */ = {
			isa = PBXResourcesBuildPhase;
			buildActionMask = 2147483647;
			files = (
				C50C666DD7C22E635F515C10 /* Assets.xcassets in Resources */,
				10F94D349285BC70691F27B3 /* Localizable.xcstrings in Resources */,
				E188A2E7A8091A2A88D0CAE9 /* Samples in Resources */,
				E20B1CD218B639B1DF9676F8 /* molihua.ir.json in Resources */,
			);
			runOnlyForDeploymentPostprocessing = 0;
		};
/* End PBXResourcesBuildPhase section */

/* Begin PBXSourcesBuildPhase section */
		4C6BB102E325BDDDB1447AE7 /* Sources */ = {
			isa = PBXSourcesBuildPhase;
			buildActionMask = 2147483647;
			files = (
				694112722BD35E92BB8CC65E /* DiziApp.swift in Sources */,
				E4E731720DFB69589538B60F /* PieceDetailView.swift in Sources */,
				1C82DAB466F726D3BC86ACBC /* PieceListView.swift in Sources */,
				28DC3C1319B643481CE61A0B /* Player.swift in Sources */,
				012CC5E161A08809FF4437FF /* RunAudio.swift in Sources */,
				19A7AB3A6A9B33437E1CA0F7 /* ScoreView.swift in Sources */,
				432E2FAF7F8AC03D762AFCA7 /* TransportBar.swift in Sources */,
				3E699F796C095BA3FD05AF50 /* Voices.swift in Sources */,
			);
			runOnlyForDeploymentPostprocessing = 0;
		};
		9AD47E2346F2DF1F1C69DA12 /* Sources */ = {
			isa = PBXSourcesBuildPhase;
			buildActionMask = 2147483647;
			files = (
				E2AD70163AE8542ADACCE077 /* NavigationTests.swift in Sources */,
			);
			runOnlyForDeploymentPostprocessing = 0;
		};
/* End PBXSourcesBuildPhase section */

/* Begin PBXTargetDependency section */
		5A8459015E120438FC444E26 /* PBXTargetDependency */ = {
			isa = PBXTargetDependency;
			target = 3DD3E2455B24139F1493FDC3 /* Dizi */;
			targetProxy = 983350C54CBBB25EF70D89D6 /* PBXContainerItemProxy */;
		};
/* End PBXTargetDependency section */

/* Begin XCBuildConfiguration section */
		6F1292FB675183A1511E7390 /* Release */ = {
			isa = XCBuildConfiguration;
			buildSettings = {
				BUNDLE_LOADER = "$(TEST_HOST)";
				GENERATE_INFOPLIST_FILE = YES;
				LD_RUNPATH_SEARCH_PATHS = (
					"$(inherited)",
					"@executable_path/Frameworks",
					"@loader_path/Frameworks",
				);
				PRODUCT_BUNDLE_IDENTIFIER = io.upivot.dizi.uitests;
				SDKROOT = iphoneos;
				TARGETED_DEVICE_FAMILY = "1,2";
				TEST_TARGET_NAME = Dizi;
			};
			name = Release;
		};
		82499F3251A15D79D70FA8E4 /* Release */ = {
			isa = XCBuildConfiguration;
			buildSettings = {
				ASSETCATALOG_COMPILER_APPICON_NAME = AppIcon;
				ASSETCATALOG_COMPILER_GLOBAL_ACCENT_COLOR_NAME = AccentColor;
				CODE_SIGN_IDENTITY = "iPhone Developer";
				CODE_SIGN_STYLE = Automatic;
				CURRENT_PROJECT_VERSION = 1;
				GENERATE_INFOPLIST_FILE = YES;
				INFOPLIST_KEY_CFBundleDisplayName = "鱼米竹笛";
				INFOPLIST_KEY_UILaunchScreen_Generation = YES;
				INFOPLIST_KEY_UISupportedInterfaceOrientations = UIInterfaceOrientationPortrait;
				LD_RUNPATH_SEARCH_PATHS = (
					"$(inherited)",
					"@executable_path/Frameworks",
				);
				LOCALIZATION_PREFERS_STRING_CATALOGS = YES;
				MARKETING_VERSION = 0.1.0;
				PRODUCT_BUNDLE_IDENTIFIER = io.upivot.dizi;
				SDKROOT = iphoneos;
				SWIFT_EMIT_LOC_STRINGS = YES;
				TARGETED_DEVICE_FAMILY = 1;
			};
			name = Release;
		};
		9E4F79DD0A033AF9B8808E95 /* Debug */ = {
			isa = XCBuildConfiguration;
			buildSettings = {
				ASSETCATALOG_COMPILER_APPICON_NAME = AppIcon;
				ASSETCATALOG_COMPILER_GLOBAL_ACCENT_COLOR_NAME = AccentColor;
				CODE_SIGN_IDENTITY = "iPhone Developer";
				CODE_SIGN_STYLE = Automatic;
				CURRENT_PROJECT_VERSION = 1;
				GENERATE_INFOPLIST_FILE = YES;
				INFOPLIST_KEY_CFBundleDisplayName = "鱼米竹笛";
				INFOPLIST_KEY_UILaunchScreen_Generation = YES;
				INFOPLIST_KEY_UISupportedInterfaceOrientations = UIInterfaceOrientationPortrait;
				LD_RUNPATH_SEARCH_PATHS = (
					"$(inherited)",
					"@executable_path/Frameworks",
				);
				LOCALIZATION_PREFERS_STRING_CATALOGS = YES;
				MARKETING_VERSION = 0.1.0;
				PRODUCT_BUNDLE_IDENTIFIER = io.upivot.dizi;
				SDKROOT = iphoneos;
				SWIFT_EMIT_LOC_STRINGS = YES;
				TARGETED_DEVICE_FAMILY = 1;
			};
			name = Debug;
		};
		E77C7D6983CF334766A423FC /* Debug */ = {
			isa = XCBuildConfiguration;
			buildSettings = {
				ALWAYS_SEARCH_USER_PATHS = NO;
				CLANG_ANALYZER_NONNULL = YES;
				CLANG_ANALYZER_NUMBER_OBJECT_CONVERSION = YES_AGGRESSIVE;
				CLANG_CXX_LANGUAGE_STANDARD = "gnu++14";
				CLANG_CXX_LIBRARY = "libc++";
				CLANG_ENABLE_MODULES = YES;
				CLANG_ENABLE_OBJC_ARC = YES;
				CLANG_ENABLE_OBJC_WEAK = YES;
				CLANG_WARN_BLOCK_CAPTURE_AUTORELEASING = YES;
				CLANG_WARN_BOOL_CONVERSION = YES;
				CLANG_WARN_COMMA = YES;
				CLANG_WARN_CONSTANT_CONVERSION = YES;
				CLANG_WARN_DEPRECATED_OBJC_IMPLEMENTATIONS = YES;
				CLANG_WARN_DIRECT_OBJC_ISA_USAGE = YES_ERROR;
				CLANG_WARN_DOCUMENTATION_COMMENTS = YES;
				CLANG_WARN_EMPTY_BODY = YES;
				CLANG_WARN_ENUM_CONVERSION = YES;
				CLANG_WARN_INFINITE_RECURSION = YES;
				CLANG_WARN_INT_CONVERSION = YES;
				CLANG_WARN_NON_LITERAL_NULL_CONVERSION = YES;
				CLANG_WARN_OBJC_IMPLICIT_RETAIN_SELF = YES;
				CLANG_WARN_OBJC_LITERAL_CONVERSION = YES;
				CLANG_WARN_OBJC_ROOT_CLASS = YES_ERROR;
				CLANG_WARN_QUOTED_INCLUDE_IN_FRAMEWORK_HEADER = YES;
				CLANG_WARN_RANGE_LOOP_ANALYSIS = YES;
				CLANG_WARN_STRICT_PROTOTYPES = YES;
				CLANG_WARN_SUSPICIOUS_MOVE = YES;
				CLANG_WARN_UNGUARDED_AVAILABILITY = YES_AGGRESSIVE;
				CLANG_WARN_UNREACHABLE_CODE = YES;
				CLANG_WARN__DUPLICATE_METHOD_MATCH = YES;
				COPY_PHASE_STRIP = NO;
				DEBUG_INFORMATION_FORMAT = dwarf;
				ENABLE_STRICT_OBJC_MSGSEND = YES;
				ENABLE_TESTABILITY = YES;
				GCC_C_LANGUAGE_STANDARD = gnu11;
				GCC_DYNAMIC_NO_PIC = NO;
				GCC_NO_COMMON_BLOCKS = YES;
				GCC_OPTIMIZATION_LEVEL = 0;
				GCC_PREPROCESSOR_DEFINITIONS = (
					"$(inherited)",
					"DEBUG=1",
				);
				GCC_TREAT_WARNINGS_AS_ERRORS = YES;
				GCC_WARN_64_TO_32_BIT_CONVERSION = YES;
				GCC_WARN_ABOUT_RETURN_TYPE = YES_ERROR;
				GCC_WARN_UNDECLARED_SELECTOR = YES;
				GCC_WARN_UNINITIALIZED_AUTOS = YES_AGGRESSIVE;
				GCC_WARN_UNUSED_FUNCTION = YES;
				GCC_WARN_UNUSED_VARIABLE = YES;
				IPHONEOS_DEPLOYMENT_TARGET = 26.0;
				MTL_ENABLE_DEBUG_INFO = INCLUDE_SOURCE;
				MTL_FAST_MATH = YES;
				ONLY_ACTIVE_ARCH = YES;
				PRODUCT_NAME = "$(TARGET_NAME)";
				SDKROOT = iphoneos;
				SWIFT_ACTIVE_COMPILATION_CONDITIONS = DEBUG;
				SWIFT_OPTIMIZATION_LEVEL = "-Onone";
				SWIFT_TREAT_WARNINGS_AS_ERRORS = YES;
				SWIFT_VERSION = 6.0;
			};
			name = Debug;
		};
		F5C744B4443B038CB5EE3611 /* Debug */ = {
			isa = XCBuildConfiguration;
			buildSettings = {
				BUNDLE_LOADER = "$(TEST_HOST)";
				GENERATE_INFOPLIST_FILE = YES;
				LD_RUNPATH_SEARCH_PATHS = (
					"$(inherited)",
					"@executable_path/Frameworks",
					"@loader_path/Frameworks",
				);
				PRODUCT_BUNDLE_IDENTIFIER = io.upivot.dizi.uitests;
				SDKROOT = iphoneos;
				TARGETED_DEVICE_FAMILY = "1,2";
				TEST_TARGET_NAME = Dizi;
			};
			name = Debug;
		};
		F664F18733A024BC92DEC2B9 /* Release */ = {
			isa = XCBuildConfiguration;
			buildSettings = {
				ALWAYS_SEARCH_USER_PATHS = NO;
				CLANG_ANALYZER_NONNULL = YES;
				CLANG_ANALYZER_NUMBER_OBJECT_CONVERSION = YES_AGGRESSIVE;
				CLANG_CXX_LANGUAGE_STANDARD = "gnu++14";
				CLANG_CXX_LIBRARY = "libc++";
				CLANG_ENABLE_MODULES = YES;
				CLANG_ENABLE_OBJC_ARC = YES;
				CLANG_ENABLE_OBJC_WEAK = YES;
				CLANG_WARN_BLOCK_CAPTURE_AUTORELEASING = YES;
				CLANG_WARN_BOOL_CONVERSION = YES;
				CLANG_WARN_COMMA = YES;
				CLANG_WARN_CONSTANT_CONVERSION = YES;
				CLANG_WARN_DEPRECATED_OBJC_IMPLEMENTATIONS = YES;
				CLANG_WARN_DIRECT_OBJC_ISA_USAGE = YES_ERROR;
				CLANG_WARN_DOCUMENTATION_COMMENTS = YES;
				CLANG_WARN_EMPTY_BODY = YES;
				CLANG_WARN_ENUM_CONVERSION = YES;
				CLANG_WARN_INFINITE_RECURSION = YES;
				CLANG_WARN_INT_CONVERSION = YES;
				CLANG_WARN_NON_LITERAL_NULL_CONVERSION = YES;
				CLANG_WARN_OBJC_IMPLICIT_RETAIN_SELF = YES;
				CLANG_WARN_OBJC_LITERAL_CONVERSION = YES;
				CLANG_WARN_OBJC_ROOT_CLASS = YES_ERROR;
				CLANG_WARN_QUOTED_INCLUDE_IN_FRAMEWORK_HEADER = YES;
				CLANG_WARN_RANGE_LOOP_ANALYSIS = YES;
				CLANG_WARN_STRICT_PROTOTYPES = YES;
				CLANG_WARN_SUSPICIOUS_MOVE = YES;
				CLANG_WARN_UNGUARDED_AVAILABILITY = YES_AGGRESSIVE;
				CLANG_WARN_UNREACHABLE_CODE = YES;
				CLANG_WARN__DUPLICATE_METHOD_MATCH = YES;
				COPY_PHASE_STRIP = NO;
				DEBUG_INFORMATION_FORMAT = "dwarf-with-dsym";
				ENABLE_NS_ASSERTIONS = NO;
				ENABLE_STRICT_OBJC_MSGSEND = YES;
				GCC_C_LANGUAGE_STANDARD = gnu11;
				GCC_NO_COMMON_BLOCKS = YES;
				GCC_TREAT_WARNINGS_AS_ERRORS = YES;
				GCC_WARN_64_TO_32_BIT_CONVERSION = YES;
				GCC_WARN_ABOUT_RETURN_TYPE = YES_ERROR;
				GCC_WARN_UNDECLARED_SELECTOR = YES;
				GCC_WARN_UNINITIALIZED_AUTOS = YES_AGGRESSIVE;
				GCC_WARN_UNUSED_FUNCTION = YES;
				GCC_WARN_UNUSED_VARIABLE = YES;
				IPHONEOS_DEPLOYMENT_TARGET = 26.0;
				MTL_ENABLE_DEBUG_INFO = NO;
				MTL_FAST_MATH = YES;
				PRODUCT_NAME = "$(TARGET_NAME)";
				SDKROOT = iphoneos;
				SWIFT_COMPILATION_MODE = wholemodule;
				SWIFT_OPTIMIZATION_LEVEL = "-O";
				SWIFT_TREAT_WARNINGS_AS_ERRORS = YES;
				SWIFT_VERSION = 6.0;
			};
			name = Release;
		};
/* End XCBuildConfiguration section */

/* Begin XCConfigurationList section */
		2D77D02D8F469525B71E5178 /* Build configuration list for PBXNativeTarget "Dizi" */ = {
			isa = XCConfigurationList;
			buildConfigurations = (
				9E4F79DD0A033AF9B8808E95 /* Debug */,
				82499F3251A15D79D70FA8E4 /* Release */,
			);
			defaultConfigurationIsVisible = 0;
			defaultConfigurationName = Debug;
		};
		A815F78972A250A05E5A0916 /* Build configuration list for PBXProject "Dizi" */ = {
			isa = XCConfigurationList;
			buildConfigurations = (
				E77C7D6983CF334766A423FC /* Debug */,
				F664F18733A024BC92DEC2B9 /* Release */,
			);
			defaultConfigurationIsVisible = 0;
			defaultConfigurationName = Debug;
		};
		C42842063BB26902E408A692 /* Build configuration list for PBXNativeTarget "DiziUITests" */ = {
			isa = XCConfigurationList;
			buildConfigurations = (
				F5C744B4443B038CB5EE3611 /* Debug */,
				6F1292FB675183A1511E7390 /* Release */,
			);
			defaultConfigurationIsVisible = 0;
			defaultConfigurationName = Debug;
		};
/* End XCConfigurationList section */

/* Begin XCLocalSwiftPackageReference section */
		AF19EB67D6206A6EA3E29960 /* XCLocalSwiftPackageReference "../Packages/ScoreKit" */ = {
			isa = XCLocalSwiftPackageReference;
			relativePath = ../Packages/ScoreKit;
		};
/* End XCLocalSwiftPackageReference section */

/* Begin XCSwiftPackageProductDependency section */
		45709811699F8732788DB871 /* ScoreKit */ = {
			isa = XCSwiftPackageProductDependency;
			productName = ScoreKit;
		};
/* End XCSwiftPackageProductDependency section */
	};
	rootObject = 63E0437AA3A39897355DDF4A /* Project object */;
}
